{
    "name": "GATF",
    "version": "1.0.1",
    "lockfileVersion": 2,
    "requires": true,
    "packages": {
        "": {
            "name": "GATF",
            "version": "1.0.1",
            "license": "MIT",
            "engines": {
                "node": "10.20.1",
                "npm": "6.14.5"
            }
        }
    }
}
